
Microsoft Visual Studio Solution File, Format Version 12.00
# Visual Studio Version 17
VisualStudioVersion = 17.4.33122.133
MinimumVisualStudioVersion = 10.0.40219.1
Project("{9A19103F-16F7-4668-BE54-9A1E7A4F7556}") = "AdventOfCode2022.Day01", "src\AdventOfCode2022.Day01\AdventOfCode2022.Day01.csproj", "{3022F18F-C70D-4845-B281-A4F2D36A0A90}"
EndProject
Project("{2150E333-8FDC-42A3-9474-1A3956D46DE8}") = "Solution Items", "Solution Items", "{729AC1A0-875F-4AF3-86CC-F6026DF98CCD}"
	ProjectSection(SolutionItems) = preProject
		Directory.Build.props = Directory.Build.props
	EndProjectSection
EndProject
Project("{9A19103F-16F7-4668-BE54-9A1E7A4F7556}") = "AdventOfCode2022.Day02", "src\AdventOfCode2022.Day02\AdventOfCode2022.Day02.csproj", "{EEC366E4-DA67-44BE-A10F-4936EB822740}"
EndProject
Project("{9A19103F-16F7-4668-BE54-9A1E7A4F7556}") = "AdventOfCode2022.Day03", "src\AdventOfCode2022.Day03\AdventOfCode2022.Day03.csproj", "{98520AA7-ACD7-4D5E-8C9D-8A14E6180634}"
EndProject
Project("{9A19103F-16F7-4668-BE54-9A1E7A4F7556}") = "AdventOfCode2022.Day04", "src\AdventOfCode2022.Day04\AdventOfCode2022.Day04.csproj", "{20934F71-81A4-4372-A7B2-76E5F2AB4272}"
EndProject
Project("{9A19103F-16F7-4668-BE54-9A1E7A4F7556}") = "AdventOfCode2022.Day05", "src\AdventOfCode2022.Day05\AdventOfCode2022.Day05.csproj", "{03C8DCC4-5343-4B79-9BF1-D8F0ABA205B5}"
EndProject
Project("{9A19103F-16F7-4668-BE54-9A1E7A4F7556}") = "AdventOfCode2022.Day06", "src\AdventOfCode2022.Day06\AdventOfCode2022.Day06.csproj", "{C7ACD11C-803D-4B82-B19C-887EBEF18D66}"
EndProject
Project("{9A19103F-16F7-4668-BE54-9A1E7A4F7556}") = "AdventOfCode2022.Day07", "src\AdventOfCode2022.Day07\AdventOfCode2022.Day07.csproj", "{3297C3E0-9611-41BE-B4B5-36B17E0CC06F}"
EndProject
Project("{9A19103F-16F7-4668-BE54-9A1E7A4F7556}") = "AdventOfCode2022.Day08", "src\AdventOfCode2022.Day08\AdventOfCode2022.Day08.csproj", "{04A7AE14-4376-4B90-92D3-485F370EE51F}"
EndProject
Project("{9A19103F-16F7-4668-BE54-9A1E7A4F7556}") = "AdventOfCode2022.Day09", "src\AdventOfCode2022.Day09\AdventOfCode2022.Day09.csproj", "{AE5F0A61-25A8-4712-A4D4-D9E5573C7FEF}"
EndProject
Project("{9A19103F-16F7-4668-BE54-9A1E7A4F7556}") = "AdventOfCode2022.Day10", "src\AdventOfCode2022.Day10\AdventOfCode2022.Day10.csproj", "{8841BA56-DBF5-4EFF-95BD-F7CC263A02BF}"
EndProject
Project("{FAE04EC0-301F-11D3-BF4B-00C04F79EFBC}") = "AdventOfCode2022.Day11", "src\AdventOfCode2022.Day11\AdventOfCode2022.Day11.csproj", "{A4B8ED54-535A-49EB-9C33-64C1BE76A26A}"
EndProject
Global
	GlobalSection(SolutionConfigurationPlatforms) = preSolution
		Debug|Any CPU = Debug|Any CPU
		Release|Any CPU = Release|Any CPU
	EndGlobalSection
	GlobalSection(ProjectConfigurationPlatforms) = postSolution
		{3022F18F-C70D-4845-B281-A4F2D36A0A90}.Debug|Any CPU.ActiveCfg = Debug|Any CPU
		{3022F18F-C70D-4845-B281-A4F2D36A0A90}.Debug|Any CPU.Build.0 = Debug|Any CPU
		{3022F18F-C70D-4845-B281-A4F2D36A0A90}.Release|Any CPU.ActiveCfg = Release|Any CPU
		{3022F18F-C70D-4845-B281-A4F2D36A0A90}.Release|Any CPU.Build.0 = Release|Any CPU
		{EEC366E4-DA67-44BE-A10F-4936EB822740}.Debug|Any CPU.ActiveCfg = Debug|Any CPU
		{EEC366E4-DA67-44BE-A10F-4936EB822740}.Debug|Any CPU.Build.0 = Debug|Any CPU
		{EEC366E4-DA67-44BE-A10F-4936EB822740}.Release|Any CPU.ActiveCfg = Release|Any CPU
		{EEC366E4-DA67-44BE-A10F-4936EB822740}.Release|Any CPU.Build.0 = Release|Any CPU
		{98520AA7-ACD7-4D5E-8C9D-8A14E6180634}.Debug|Any CPU.ActiveCfg = Debug|Any CPU
		{98520AA7-ACD7-4D5E-8C9D-8A14E6180634}.Debug|Any CPU.Build.0 = Debug|Any CPU
		{98520AA7-ACD7-4D5E-8C9D-8A14E6180634}.Release|Any CPU.ActiveCfg = Release|Any CPU
		{98520AA7-ACD7-4D5E-8C9D-8A14E6180634}.Release|Any CPU.Build.0 = Release|Any CPU
		{20934F71-81A4-4372-A7B2-76E5F2AB4272}.Debug|Any CPU.ActiveCfg = Debug|Any CPU
		{20934F71-81A4-4372-A7B2-76E5F2AB4272}.Debug|Any CPU.Build.0 = Debug|Any CPU
		{20934F71-81A4-4372-A7B2-76E5F2AB4272}.Release|Any CPU.ActiveCfg = Release|Any CPU
		{20934F71-81A4-4372-A7B2-76E5F2AB4272}.Release|Any CPU.Build.0 = Release|Any CPU
		{03C8DCC4-5343-4B79-9BF1-D8F0ABA205B5}.Debug|Any CPU.ActiveCfg = Debug|Any CPU
		{03C8DCC4-5343-4B79-9BF1-D8F0ABA205B5}.Debug|Any CPU.Build.0 = Debug|Any CPU
		{03C8DCC4-5343-4B79-9BF1-D8F0ABA205B5}.Release|Any CPU.ActiveCfg = Release|Any CPU
		{03C8DCC4-5343-4B79-9BF1-D8F0ABA205B5}.Release|Any CPU.Build.0 = Release|Any CPU
		{C7ACD11C-803D-4B82-B19C-887EBEF18D66}.Debug|Any CPU.ActiveCfg = Debug|Any CPU
		{C7ACD11C-803D-4B82-B19C-887EBEF18D66}.Debug|Any CPU.Build.0 = Debug|Any CPU
		{C7ACD11C-803D-4B82-B19C-887EBEF18D66}.Release|Any CPU.ActiveCfg = Release|Any CPU
		{C7ACD11C-803D-4B82-B19C-887EBEF18D66}.Release|Any CPU.Build.0 = Release|Any CPU
		{3297C3E0-9611-41BE-B4B5-36B17E0CC06F}.Debug|Any CPU.ActiveCfg = Debug|Any CPU
		{3297C3E0-9611-41BE-B4B5-36B17E0CC06F}.Debug|Any CPU.Build.0 = Debug|Any CPU
		{3297C3E0-9611-41BE-B4B5-36B17E0CC06F}.Release|Any CPU.ActiveCfg = Release|Any CPU
		{3297C3E0-9611-41BE-B4B5-36B17E0CC06F}.Release|Any CPU.Build.0 = Release|Any CPU
		{04A7AE14-4376-4B90-92D3-485F370EE51F}.Debug|Any CPU.ActiveCfg = Debug|Any CPU
		{04A7AE14-4376-4B90-92D3-485F370EE51F}.Debug|Any CPU.Build.0 = Debug|Any CPU
		{04A7AE14-4376-4B90-92D3-485F370EE51F}.Release|Any CPU.ActiveCfg = Release|Any CPU
		{04A7AE14-4376-4B90-92D3-485F370EE51F}.Release|Any CPU.Build.0 = Release|Any CPU
		{AE5F0A61-25A8-4712-A4D4-D9E5573C7FEF}.Debug|Any CPU.ActiveCfg = Debug|Any CPU
		{AE5F0A61-25A8-4712-A4D4-D9E5573C7FEF}.Debug|Any CPU.Build.0 = Debug|Any CPU
		{AE5F0A61-25A8-4712-A4D4-D9E5573C7FEF}.Release|Any CPU.ActiveCfg = Release|Any CPU
		{AE5F0A61-25A8-4712-A4D4-D9E5573C7FEF}.Release|Any CPU.Build.0 = Release|Any CPU
		{8841BA56-DBF5-4EFF-95BD-F7CC263A02BF}.Debug|Any CPU.ActiveCfg = Debug|Any CPU
		{8841BA56-DBF5-4EFF-95BD-F7CC263A02BF}.Debug|Any CPU.Build.0 = Debug|Any CPU
		{8841BA56-DBF5-4EFF-95BD-F7CC263A02BF}.Release|Any CPU.ActiveCfg = Release|Any CPU
		{8841BA56-DBF5-4EFF-95BD-F7CC263A02BF}.Release|Any CPU.Build.0 = Release|Any CPU
		{A4B8ED54-535A-49EB-9C33-64C1BE76A26A}.Debug|Any CPU.ActiveCfg = Debug|Any CPU
		{A4B8ED54-535A-49EB-9C33-64C1BE76A26A}.Debug|Any CPU.Build.0 = Debug|Any CPU
		{A4B8ED54-535A-49EB-9C33-64C1BE76A26A}.Release|Any CPU.ActiveCfg = Release|Any CPU
		{A4B8ED54-535A-49EB-9C33-64C1BE76A26A}.Release|Any CPU.Build.0 = Release|Any CPU
	EndGlobalSection
	GlobalSection(SolutionProperties) = preSolution
		HideSolutionNode = FALSE
	EndGlobalSection
	GlobalSection(ExtensibilityGlobals) = postSolution
		SolutionGuid = {8C9A0DE0-8834-4F42-B7D6-E620D5CD8D71}
	EndGlobalSection
EndGlobal
